
Microsoft Visual Studio Solution File, Format Version 12.00
# Visual Studio Version 16
VisualStudioVersion = 16.0.34931.43
MinimumVisualStudioVersion = 10.0.40219.1
Project("{FAE04EC0-301F-11D3-BF4B-00C04F79EFBC}") = "WebApp", "WebApp\WebApp.csproj", "{5BC0F1E0-0380-4E2B-A682-D56C4C0BF226}"
EndProject
Global
	GlobalSection(SolutionConfigurationPlatforms) = preSolution
		Debug|Any CPU = Debug|Any CPU
		Release|Any CPU = Release|Any CPU
	EndGlobalSection
	GlobalSection(ProjectConfigurationPlatforms) = postSolution
		{5BC0F1E0-0380-4E2B-A682-D56C4C0BF226}.Debug|Any CPU.ActiveCfg = Debug|Any CPU
		{5BC0F1E0-0380-4E2B-A682-D56C4C0BF226}.Debug|Any CPU.Build.0 = Debug|Any CPU
		{5BC0F1E0-0380-4E2B-A682-D56C4C0BF226}.Release|Any CPU.ActiveCfg = Release|Any CPU
		{5BC0F1E0-0380-4E2B-A682-D56C4C0BF226}.Release|Any CPU.Build.0 = Release|Any CPU
	EndGlobalSection
	GlobalSection(SolutionProperties) = preSolution
		HideSolutionNode = FALSE
	EndGlobalSection
	GlobalSection(ExtensibilityGlobals) = postSolution
		SolutionGuid = {0E2D5638-206D-404B-B59A-10E2945DE011}
	EndGlobalSection
EndGlobal
